
Microsoft Visual Studio Solution File, Format Version 12.00
# Visual Studio Version 17
VisualStudioVersion = 17.9.34622.214
MinimumVisualStudioVersion = 10.0.40219.1
Project("{9A19103F-16F7-4668-BE54-9A1E7A4F7556}") = "BulkyWeb", "BulkyWeb\BulkyWeb.csproj", "{3E7CEF3C-1B84-4317-AAC1-589D3E8D0FD4}"
EndProject
Project("{9A19103F-16F7-4668-BE54-9A1E7A4F7556}") = "BulkyWebRazor_Temp", "BulkyWebRazor_Temp\BulkyWebRazor_Temp.csproj", "{64E73D43-9246-4A69-BFCC-8E259C2C4F3A}"
EndProject
Project("{9A19103F-16F7-4668-BE54-9A1E7A4F7556}") = "Bulky.DataAccess", "Bulky.DataAccess\Bulky.DataAccess.csproj", "{0467E527-0F76-4BA0-B65F-3B44E3E52593}"
	ProjectSection(ProjectDependencies) = postProject
		{6382FF8E-D593-4E20-B160-FD3600BD038F} = {6382FF8E-D593-4E20-B160-FD3600BD038F}
		{EF7358C9-8F45-4129-82D5-D3AEDD0A449B} = {EF7358C9-8F45-4129-82D5-D3AEDD0A449B}
	EndProjectSection
EndProject
Project("{9A19103F-16F7-4668-BE54-9A1E7A4F7556}") = "Bulky.Models", "Bulky.Models\Bulky.Models.csproj", "{6382FF8E-D593-4E20-B160-FD3600BD038F}"
EndProject
Project("{9A19103F-16F7-4668-BE54-9A1E7A4F7556}") = "Bulky.Utility", "Bulky.Utility\Bulky.Utility.csproj", "{EF7358C9-8F45-4129-82D5-D3AEDD0A449B}"
EndProject
Global
	GlobalSection(SolutionConfigurationPlatforms) = preSolution
		Debug|Any CPU = Debug|Any CPU
		Release|Any CPU = Release|Any CPU
	EndGlobalSection
	GlobalSection(ProjectConfigurationPlatforms) = postSolution
		{3E7CEF3C-1B84-4317-AAC1-589D3E8D0FD4}.Debug|Any CPU.ActiveCfg = Debug|Any CPU
		{3E7CEF3C-1B84-4317-AAC1-589D3E8D0FD4}.Debug|Any CPU.Build.0 = Debug|Any CPU
		{3E7CEF3C-1B84-4317-AAC1-589D3E8D0FD4}.Release|Any CPU.ActiveCfg = Release|Any CPU
		{3E7CEF3C-1B84-4317-AAC1-589D3E8D0FD4}.Release|Any CPU.Build.0 = Release|Any CPU
		{64E73D43-9246-4A69-BFCC-8E259C2C4F3A}.Debug|Any CPU.ActiveCfg = Debug|Any CPU
		{64E73D43-9246-4A69-BFCC-8E259C2C4F3A}.Debug|Any CPU.Build.0 = Debug|Any CPU
		{64E73D43-9246-4A69-BFCC-8E259C2C4F3A}.Release|Any CPU.ActiveCfg = Release|Any CPU
		{64E73D43-9246-4A69-BFCC-8E259C2C4F3A}.Release|Any CPU.Build.0 = Release|Any CPU
		{0467E527-0F76-4BA0-B65F-3B44E3E52593}.Debug|Any CPU.ActiveCfg = Debug|Any CPU
		{0467E527-0F76-4BA0-B65F-3B44E3E52593}.Debug|Any CPU.Build.0 = Debug|Any CPU
		{0467E527-0F76-4BA0-B65F-3B44E3E52593}.Release|Any CPU.ActiveCfg = Release|Any CPU
		{0467E527-0F76-4BA0-B65F-3B44E3E52593}.Release|Any CPU.Build.0 = Release|Any CPU
		{6382FF8E-D593-4E20-B160-FD3600BD038F}.Debug|Any CPU.ActiveCfg = Debug|Any CPU
		{6382FF8E-D593-4E20-B160-FD3600BD038F}.Debug|Any CPU.Build.0 = Debug|Any CPU
		{6382FF8E-D593-4E20-B160-FD3600BD038F}.Release|Any CPU.ActiveCfg = Release|Any CPU
		{6382FF8E-D593-4E20-B160-FD3600BD038F}.Release|Any CPU.Build.0 = Release|Any CPU
		{EF7358C9-8F45-4129-82D5-D3AEDD0A449B}.Debug|Any CPU.ActiveCfg = Debug|Any CPU
		{EF7358C9-8F45-4129-82D5-D3AEDD0A449B}.Debug|Any CPU.Build.0 = Debug|Any CPU
		{EF7358C9-8F45-4129-82D5-D3AEDD0A449B}.Release|Any CPU.ActiveCfg = Release|Any CPU
		{EF7358C9-8F45-4129-82D5-D3AEDD0A449B}.Release|Any CPU.Build.0 = Release|Any CPU
	EndGlobalSection
	GlobalSection(SolutionProperties) = preSolution
		HideSolutionNode = FALSE
	EndGlobalSection
	GlobalSection(ExtensibilityGlobals) = postSolution
		SolutionGuid = {2B11A509-3E45-408A-BB20-0CEDD7A4510F}
	EndGlobalSection
EndGlobal
